
Microsoft Visual Studio Solution File, Format Version 12.00
# Visual Studio 14
VisualStudioVersion = 14.0.25420.1
MinimumVisualStudioVersion = 10.0.40219.1
Project("{8BC9CEB8-8B4A-11D0-8D11-00A0C91BC942}") = "338.Counting Bits", "338.Counting Bits\338.Counting Bits.vcxproj", "{9185807E-3086-415D-B0D7-CEAA011EC27C}"
EndProject
Project("{8BC9CEB8-8B4A-11D0-8D11-00A0C91BC942}") = "349. Intersection of Two Arrays", "349. Intersection of Two Arrays\349. Intersection of Two Arrays.vcxproj", "{E76ABCC5-F570-43DD-A597-3ADFA0E25C79}"
EndProject
Project("{8BC9CEB8-8B4A-11D0-8D11-00A0C91BC942}") = "260. Single Number III", "260. Single Number III\260. Single Number III.vcxproj", "{156553ED-11BC-4140-A0B5-8D4F551F2935}"
EndProject
Project("{8BC9CEB8-8B4A-11D0-8D11-00A0C91BC942}") = "318. Maximum Product of Word Lengths", "318. Maximum Product of Word Lengths\318. Maximum Product of Word Lengths.vcxproj", "{8EDF6391-99A9-4894-9330-01F46BCF213E}"
EndProject
Project("{8BC9CEB8-8B4A-11D0-8D11-00A0C91BC942}") = "242. Valid Anagram", "242. Valid Anagram\242. Valid Anagram.vcxproj", "{E5D5137E-42A4-43BB-A073-F0FBC0FCA00C}"
EndProject
Project("{8BC9CEB8-8B4A-11D0-8D11-00A0C91BC942}") = "350. Intersection of Two Arrays II", "350. Intersection of Two Arrays II\350. Intersection of Two Arrays II.vcxproj", "{A3F6DDD3-813B-4AA3-BA2E-4EED4E00CE34}"
EndProject
Project("{8BC9CEB8-8B4A-11D0-8D11-00A0C91BC942}") = "171. Excel Sheet Column Number", "171. Excel Sheet Column Number\171. Excel Sheet Column Number.vcxproj", "{CB36BB7E-A043-4609-AB6A-C1B393D88C89}"
EndProject
Project("{8BC9CEB8-8B4A-11D0-8D11-00A0C91BC942}") = "168. Excel Sheet Column Title", "168. Excel Sheet Column Title\168. Excel Sheet Column Title.vcxproj", "{6D821FA8-8983-4966-847B-6322FB92A5B6}"
EndProject
Project("{8BC9CEB8-8B4A-11D0-8D11-00A0C91BC942}") = "347. Top K Frequent Elements", "347. Top K Frequent Elements\347. Top K Frequent Elements.vcxproj", "{9D7A60B6-4F08-4990-84B7-55677814AA69}"
EndProject
Project("{8BC9CEB8-8B4A-11D0-8D11-00A0C91BC942}") = "204. Count Primes", "204. Count Primes\204. Count Primes.vcxproj", "{C9C9730C-A93E-4E18-A5D5-4175E220D2EE}"
EndProject
Project("{8BC9CEB8-8B4A-11D0-8D11-00A0C91BC942}") = "343. Integer Break", "343. Integer Break\343. Integer Break.vcxproj", "{CA447C2C-7767-4C56-95B5-1D52402D8F4C}"
EndProject
Project("{8BC9CEB8-8B4A-11D0-8D11-00A0C91BC942}") = "319. Bulb Switcher", "319. Bulb Switcher\319. Bulb Switcher.vcxproj", "{EF9DCB37-E214-46F1-927D-BDA44FFAD3CC}"
EndProject
Project("{8BC9CEB8-8B4A-11D0-8D11-00A0C91BC942}") = "144. Binary Tree Preorder Traversal", "144. Binary Tree Preorder Traversal\144. Binary Tree Preorder Traversal.vcxproj", "{25CD81F2-0A86-4360-93A6-DC31DAAEC45F}"
EndProject
Project("{8BC9CEB8-8B4A-11D0-8D11-00A0C91BC942}") = "357. Count Numbers with Unique Digits", "357. Count Numbers with Unique Digits\357. Count Numbers with Unique Digits.vcxproj", "{969925A1-9D57-420A-9D49-9EAA7987F247}"
EndProject
Project("{8BC9CEB8-8B4A-11D0-8D11-00A0C91BC942}") = "3. Longest Substring Without Repeating Characters", "3. Longest Substring Without Repeating Characters\3. Longest Substring Without Repeating Characters.vcxproj", "{65294539-9C0C-4CF0-ACE5-BEC930B26020}"
EndProject
Project("{8BC9CEB8-8B4A-11D0-8D11-00A0C91BC942}") = "332. Reconstruct Itinerary", "332. Reconstruct Itinerary\332. Reconstruct Itinerary.vcxproj", "{A1FD145C-79C1-426B-91CA-C8142724AF1F}"
EndProject
Project("{8BC9CEB8-8B4A-11D0-8D11-00A0C91BC942}") = "79. Word Search", "79. Word Search\79. Word Search.vcxproj", "{EC795D93-ED99-4F12-BB52-170F5B58C16D}"
EndProject
Project("{8BC9CEB8-8B4A-11D0-8D11-00A0C91BC942}") = "105. Construct Binary Tree from Preorder and Inorder Traversal", "105. Construct Binary Tree from Preorder and Inorder Traversal\105. Construct Binary Tree from Preorder and Inorder Traversal.vcxproj", "{DB0B02EE-B69A-4A94-90F7-2521421BF7A8}"
EndProject
Project("{8BC9CEB8-8B4A-11D0-8D11-00A0C91BC942}") = "169. Majority Element", "169. Majority Element\169. Majority Element.vcxproj", "{A5C26CB0-AC9B-4DFB-8849-891A0465617A}"
EndProject
Project("{8BC9CEB8-8B4A-11D0-8D11-00A0C91BC942}") = "13. Roman to Integer", "13. Roman to Integer\13. Roman to Integer.vcxproj", "{FB13BBB2-FF54-475A-90C5-DCFD331D4AE6}"
EndProject
Project("{8BC9CEB8-8B4A-11D0-8D11-00A0C91BC942}") = "67. Add Binary", "67. Add Binary\67. Add Binary.vcxproj", "{E7F3C54D-4894-46E1-AF8F-D0A43D711DA7}"
EndProject
Project("{8BC9CEB8-8B4A-11D0-8D11-00A0C91BC942}") = "93. Restore IP Addresses", "93. Restore IP Addresses\93. Restore IP Addresses.vcxproj", "{FDE3C0C5-61AD-4093-A1EA-1B2C63E1152C}"
EndProject
Project("{8BC9CEB8-8B4A-11D0-8D11-00A0C91BC942}") = "216. Combination Sum III", "216. Combination Sum III\216. Combination Sum III.vcxproj", "{65929BF2-C995-46C0-9C59-27F63ED626A3}"
EndProject
Project("{8BC9CEB8-8B4A-11D0-8D11-00A0C91BC942}") = "241. Different Ways to Add Parentheses", "241. Different Ways to Add Parentheses\241. Different Ways to Add Parentheses.vcxproj", "{A6EC7966-2BE4-4F78-93A0-E78914CA4C14}"
EndProject
Project("{8BC9CEB8-8B4A-11D0-8D11-00A0C91BC942}") = "383. Ransom Note", "383. Ransom Note\383. Ransom Note.vcxproj", "{900E7EF4-3D9F-4743-92EB-50F5E31BDDC6}"
EndProject
Project("{8BC9CEB8-8B4A-11D0-8D11-00A0C91BC942}") = "345. Reverse Vowels of a String", "345. Reverse Vowels of a String\345. Reverse Vowels of a String.vcxproj", "{759AD2AE-748C-46CD-86B8-9D895F335D8E}"
EndProject
Project("{8BC9CEB8-8B4A-11D0-8D11-00A0C91BC942}") = "5. Longest Palindromic Substring", "5. Longest Palindromic Substring\5. Longest Palindromic Substring.vcxproj", "{AE0714C6-A912-459F-A4C9-3D6479397C03}"
EndProject
Project("{8BC9CEB8-8B4A-11D0-8D11-00A0C91BC942}") = "9. Palindrome Number", "9. Palindrome Number\9. Palindrome Number.vcxproj", "{573FC729-754B-4316-9292-CD353CE35EDE}"
EndProject
Project("{8BC9CEB8-8B4A-11D0-8D11-00A0C91BC942}") = "53. Maximum Subarray", "53. Maximum Subarray\53. Maximum Subarray.vcxproj", "{BFA5D22C-70CE-4539-8752-EFE4E77B15B1}"
EndProject
Global
	GlobalSection(SolutionConfigurationPlatforms) = preSolution
		Debug|Win32 = Debug|Win32
		Debug|x64 = Debug|x64
		Release|Win32 = Release|Win32
		Release|x64 = Release|x64
	EndGlobalSection
	GlobalSection(ProjectConfigurationPlatforms) = postSolution
		{9185807E-3086-415D-B0D7-CEAA011EC27C}.Debug|Win32.ActiveCfg = Debug|Win32
		{9185807E-3086-415D-B0D7-CEAA011EC27C}.Debug|Win32.Build.0 = Debug|Win32
		{9185807E-3086-415D-B0D7-CEAA011EC27C}.Debug|x64.ActiveCfg = Debug|Win32
		{9185807E-3086-415D-B0D7-CEAA011EC27C}.Release|Win32.ActiveCfg = Release|Win32
		{9185807E-3086-415D-B0D7-CEAA011EC27C}.Release|Win32.Build.0 = Release|Win32
		{9185807E-3086-415D-B0D7-CEAA011EC27C}.Release|x64.ActiveCfg = Release|Win32
		{E76ABCC5-F570-43DD-A597-3ADFA0E25C79}.Debug|Win32.ActiveCfg = Debug|Win32
		{E76ABCC5-F570-43DD-A597-3ADFA0E25C79}.Debug|Win32.Build.0 = Debug|Win32
		{E76ABCC5-F570-43DD-A597-3ADFA0E25C79}.Debug|x64.ActiveCfg = Debug|Win32
		{E76ABCC5-F570-43DD-A597-3ADFA0E25C79}.Release|Win32.ActiveCfg = Release|Win32
		{E76ABCC5-F570-43DD-A597-3ADFA0E25C79}.Release|Win32.Build.0 = Release|Win32
		{E76ABCC5-F570-43DD-A597-3ADFA0E25C79}.Release|x64.ActiveCfg = Release|Win32
		{156553ED-11BC-4140-A0B5-8D4F551F2935}.Debug|Win32.ActiveCfg = Debug|Win32
		{156553ED-11BC-4140-A0B5-8D4F551F2935}.Debug|Win32.Build.0 = Debug|Win32
		{156553ED-11BC-4140-A0B5-8D4F551F2935}.Debug|x64.ActiveCfg = Debug|Win32
		{156553ED-11BC-4140-A0B5-8D4F551F2935}.Release|Win32.ActiveCfg = Release|Win32
		{156553ED-11BC-4140-A0B5-8D4F551F2935}.Release|Win32.Build.0 = Release|Win32
		{156553ED-11BC-4140-A0B5-8D4F551F2935}.Release|x64.ActiveCfg = Release|Win32
		{8EDF6391-99A9-4894-9330-01F46BCF213E}.Debug|Win32.ActiveCfg = Debug|Win32
		{8EDF6391-99A9-4894-9330-01F46BCF213E}.Debug|Win32.Build.0 = Debug|Win32
		{8EDF6391-99A9-4894-9330-01F46BCF213E}.Debug|x64.ActiveCfg = Debug|Win32
		{8EDF6391-99A9-4894-9330-01F46BCF213E}.Release|Win32.ActiveCfg = Release|Win32
		{8EDF6391-99A9-4894-9330-01F46BCF213E}.Release|Win32.Build.0 = Release|Win32
		{8EDF6391-99A9-4894-9330-01F46BCF213E}.Release|x64.ActiveCfg = Release|Win32
		{E5D5137E-42A4-43BB-A073-F0FBC0FCA00C}.Debug|Win32.ActiveCfg = Debug|Win32
		{E5D5137E-42A4-43BB-A073-F0FBC0FCA00C}.Debug|Win32.Build.0 = Debug|Win32
		{E5D5137E-42A4-43BB-A073-F0FBC0FCA00C}.Debug|x64.ActiveCfg = Debug|Win32
		{E5D5137E-42A4-43BB-A073-F0FBC0FCA00C}.Release|Win32.ActiveCfg = Release|Win32
		{E5D5137E-42A4-43BB-A073-F0FBC0FCA00C}.Release|Win32.Build.0 = Release|Win32
		{E5D5137E-42A4-43BB-A073-F0FBC0FCA00C}.Release|x64.ActiveCfg = Release|Win32
		{A3F6DDD3-813B-4AA3-BA2E-4EED4E00CE34}.Debug|Win32.ActiveCfg = Debug|Win32
		{A3F6DDD3-813B-4AA3-BA2E-4EED4E00CE34}.Debug|Win32.Build.0 = Debug|Win32
		{A3F6DDD3-813B-4AA3-BA2E-4EED4E00CE34}.Debug|x64.ActiveCfg = Debug|Win32
		{A3F6DDD3-813B-4AA3-BA2E-4EED4E00CE34}.Release|Win32.ActiveCfg = Release|Win32
		{A3F6DDD3-813B-4AA3-BA2E-4EED4E00CE34}.Release|Win32.Build.0 = Release|Win32
		{A3F6DDD3-813B-4AA3-BA2E-4EED4E00CE34}.Release|x64.ActiveCfg = Release|Win32
		{CB36BB7E-A043-4609-AB6A-C1B393D88C89}.Debug|Win32.ActiveCfg = Debug|Win32
		{CB36BB7E-A043-4609-AB6A-C1B393D88C89}.Debug|Win32.Build.0 = Debug|Win32
		{CB36BB7E-A043-4609-AB6A-C1B393D88C89}.Debug|x64.ActiveCfg = Debug|Win32
		{CB36BB7E-A043-4609-AB6A-C1B393D88C89}.Release|Win32.ActiveCfg = Release|Win32
		{CB36BB7E-A043-4609-AB6A-C1B393D88C89}.Release|Win32.Build.0 = Release|Win32
		{CB36BB7E-A043-4609-AB6A-C1B393D88C89}.Release|x64.ActiveCfg = Release|Win32
		{6D821FA8-8983-4966-847B-6322FB92A5B6}.Debug|Win32.ActiveCfg = Debug|Win32
		{6D821FA8-8983-4966-847B-6322FB92A5B6}.Debug|Win32.Build.0 = Debug|Win32
		{6D821FA8-8983-4966-847B-6322FB92A5B6}.Debug|x64.ActiveCfg = Debug|Win32
		{6D821FA8-8983-4966-847B-6322FB92A5B6}.Release|Win32.ActiveCfg = Release|Win32
		{6D821FA8-8983-4966-847B-6322FB92A5B6}.Release|Win32.Build.0 = Release|Win32
		{6D821FA8-8983-4966-847B-6322FB92A5B6}.Release|x64.ActiveCfg = Release|Win32
		{9D7A60B6-4F08-4990-84B7-55677814AA69}.Debug|Win32.ActiveCfg = Debug|Win32
		{9D7A60B6-4F08-4990-84B7-55677814AA69}.Debug|Win32.Build.0 = Debug|Win32
		{9D7A60B6-4F08-4990-84B7-55677814AA69}.Debug|x64.ActiveCfg = Debug|Win32
		{9D7A60B6-4F08-4990-84B7-55677814AA69}.Release|Win32.ActiveCfg = Release|Win32
		{9D7A60B6-4F08-4990-84B7-55677814AA69}.Release|Win32.Build.0 = Release|Win32
		{9D7A60B6-4F08-4990-84B7-55677814AA69}.Release|x64.ActiveCfg = Release|Win32
		{C9C9730C-A93E-4E18-A5D5-4175E220D2EE}.Debug|Win32.ActiveCfg = Debug|Win32
		{C9C9730C-A93E-4E18-A5D5-4175E220D2EE}.Debug|Win32.Build.0 = Debug|Win32
		{C9C9730C-A93E-4E18-A5D5-4175E220D2EE}.Debug|x64.ActiveCfg = Debug|Win32
		{C9C9730C-A93E-4E18-A5D5-4175E220D2EE}.Release|Win32.ActiveCfg = Release|Win32
		{C9C9730C-A93E-4E18-A5D5-4175E220D2EE}.Release|Win32.Build.0 = Release|Win32
		{C9C9730C-A93E-4E18-A5D5-4175E220D2EE}.Release|x64.ActiveCfg = Release|Win32
		{CA447C2C-7767-4C56-95B5-1D52402D8F4C}.Debug|Win32.ActiveCfg = Debug|Win32
		{CA447C2C-7767-4C56-95B5-1D52402D8F4C}.Debug|Win32.Build.0 = Debug|Win32
		{CA447C2C-7767-4C56-95B5-1D52402D8F4C}.Debug|x64.ActiveCfg = Debug|Win32
		{CA447C2C-7767-4C56-95B5-1D52402D8F4C}.Release|Win32.ActiveCfg = Release|Win32
		{CA447C2C-7767-4C56-95B5-1D52402D8F4C}.Release|Win32.Build.0 = Release|Win32
		{CA447C2C-7767-4C56-95B5-1D52402D8F4C}.Release|x64.ActiveCfg = Release|Win32
		{EF9DCB37-E214-46F1-927D-BDA44FFAD3CC}.Debug|Win32.ActiveCfg = Debug|Win32
		{EF9DCB37-E214-46F1-927D-BDA44FFAD3CC}.Debug|Win32.Build.0 = Debug|Win32
		{EF9DCB37-E214-46F1-927D-BDA44FFAD3CC}.Debug|x64.ActiveCfg = Debug|Win32
		{EF9DCB37-E214-46F1-927D-BDA44FFAD3CC}.Release|Win32.ActiveCfg = Release|Win32
		{EF9DCB37-E214-46F1-927D-BDA44FFAD3CC}.Release|Win32.Build.0 = Release|Win32
		{EF9DCB37-E214-46F1-927D-BDA44FFAD3CC}.Release|x64.ActiveCfg = Release|Win32
		{25CD81F2-0A86-4360-93A6-DC31DAAEC45F}.Debug|Win32.ActiveCfg = Debug|Win32
		{25CD81F2-0A86-4360-93A6-DC31DAAEC45F}.Debug|Win32.Build.0 = Debug|Win32
		{25CD81F2-0A86-4360-93A6-DC31DAAEC45F}.Debug|x64.ActiveCfg = Debug|Win32
		{25CD81F2-0A86-4360-93A6-DC31DAAEC45F}.Release|Win32.ActiveCfg = Release|Win32
		{25CD81F2-0A86-4360-93A6-DC31DAAEC45F}.Release|Win32.Build.0 = Release|Win32
		{25CD81F2-0A86-4360-93A6-DC31DAAEC45F}.Release|x64.ActiveCfg = Release|Win32
		{969925A1-9D57-420A-9D49-9EAA7987F247}.Debug|Win32.ActiveCfg = Debug|Win32
		{969925A1-9D57-420A-9D49-9EAA7987F247}.Debug|Win32.Build.0 = Debug|Win32
		{969925A1-9D57-420A-9D49-9EAA7987F247}.Debug|x64.ActiveCfg = Debug|Win32
		{969925A1-9D57-420A-9D49-9EAA7987F247}.Release|Win32.ActiveCfg = Release|Win32
		{969925A1-9D57-420A-9D49-9EAA7987F247}.Release|Win32.Build.0 = Release|Win32
		{969925A1-9D57-420A-9D49-9EAA7987F247}.Release|x64.ActiveCfg = Release|Win32
		{65294539-9C0C-4CF0-ACE5-BEC930B26020}.Debug|Win32.ActiveCfg = Debug|Win32
		{65294539-9C0C-4CF0-ACE5-BEC930B26020}.Debug|Win32.Build.0 = Debug|Win32
		{65294539-9C0C-4CF0-ACE5-BEC930B26020}.Debug|x64.ActiveCfg = Debug|Win32
		{65294539-9C0C-4CF0-ACE5-BEC930B26020}.Release|Win32.ActiveCfg = Release|Win32
		{65294539-9C0C-4CF0-ACE5-BEC930B26020}.Release|Win32.Build.0 = Release|Win32
		{65294539-9C0C-4CF0-ACE5-BEC930B26020}.Release|x64.ActiveCfg = Release|Win32
		{A1FD145C-79C1-426B-91CA-C8142724AF1F}.Debug|Win32.ActiveCfg = Debug|Win32
		{A1FD145C-79C1-426B-91CA-C8142724AF1F}.Debug|Win32.Build.0 = Debug|Win32
		{A1FD145C-79C1-426B-91CA-C8142724AF1F}.Debug|x64.ActiveCfg = Debug|x64
		{A1FD145C-79C1-426B-91CA-C8142724AF1F}.Debug|x64.Build.0 = Debug|x64
		{A1FD145C-79C1-426B-91CA-C8142724AF1F}.Release|Win32.ActiveCfg = Release|Win32
		{A1FD145C-79C1-426B-91CA-C8142724AF1F}.Release|Win32.Build.0 = Release|Win32
		{A1FD145C-79C1-426B-91CA-C8142724AF1F}.Release|x64.ActiveCfg = Release|x64
		{A1FD145C-79C1-426B-91CA-C8142724AF1F}.Release|x64.Build.0 = Release|x64
		{EC795D93-ED99-4F12-BB52-170F5B58C16D}.Debug|Win32.ActiveCfg = Debug|Win32
		{EC795D93-ED99-4F12-BB52-170F5B58C16D}.Debug|Win32.Build.0 = Debug|Win32
		{EC795D93-ED99-4F12-BB52-170F5B58C16D}.Debug|x64.ActiveCfg = Debug|x64
		{EC795D93-ED99-4F12-BB52-170F5B58C16D}.Debug|x64.Build.0 = Debug|x64
		{EC795D93-ED99-4F12-BB52-170F5B58C16D}.Release|Win32.ActiveCfg = Release|Win32
		{EC795D93-ED99-4F12-BB52-170F5B58C16D}.Release|Win32.Build.0 = Release|Win32
		{EC795D93-ED99-4F12-BB52-170F5B58C16D}.Release|x64.ActiveCfg = Release|x64
		{EC795D93-ED99-4F12-BB52-170F5B58C16D}.Release|x64.Build.0 = Release|x64
		{DB0B02EE-B69A-4A94-90F7-2521421BF7A8}.Debug|Win32.ActiveCfg = Debug|Win32
		{DB0B02EE-B69A-4A94-90F7-2521421BF7A8}.Debug|Win32.Build.0 = Debug|Win32
		{DB0B02EE-B69A-4A94-90F7-2521421BF7A8}.Debug|x64.ActiveCfg = Debug|x64
		{DB0B02EE-B69A-4A94-90F7-2521421BF7A8}.Debug|x64.Build.0 = Debug|x64
		{DB0B02EE-B69A-4A94-90F7-2521421BF7A8}.Release|Win32.ActiveCfg = Release|Win32
		{DB0B02EE-B69A-4A94-90F7-2521421BF7A8}.Release|Win32.Build.0 = Release|Win32
		{DB0B02EE-B69A-4A94-90F7-2521421BF7A8}.Release|x64.ActiveCfg = Release|x64
		{DB0B02EE-B69A-4A94-90F7-2521421BF7A8}.Release|x64.Build.0 = Release|x64
		{A5C26CB0-AC9B-4DFB-8849-891A0465617A}.Debug|Win32.ActiveCfg = Debug|Win32
		{A5C26CB0-AC9B-4DFB-8849-891A0465617A}.Debug|Win32.Build.0 = Debug|Win32
		{A5C26CB0-AC9B-4DFB-8849-891A0465617A}.Debug|x64.ActiveCfg = Debug|x64
		{A5C26CB0-AC9B-4DFB-8849-891A0465617A}.Debug|x64.Build.0 = Debug|x64
		{A5C26CB0-AC9B-4DFB-8849-891A0465617A}.Release|Win32.ActiveCfg = Release|Win32
		{A5C26CB0-AC9B-4DFB-8849-891A0465617A}.Release|Win32.Build.0 = Release|Win32
		{A5C26CB0-AC9B-4DFB-8849-891A0465617A}.Release|x64.ActiveCfg = Release|x64
		{A5C26CB0-AC9B-4DFB-8849-891A0465617A}.Release|x64.Build.0 = Release|x64
		{FB13BBB2-FF54-475A-90C5-DCFD331D4AE6}.Debug|Win32.ActiveCfg = Debug|Win32
		{FB13BBB2-FF54-475A-90C5-DCFD331D4AE6}.Debug|Win32.Build.0 = Debug|Win32
		{FB13BBB2-FF54-475A-90C5-DCFD331D4AE6}.Debug|x64.ActiveCfg = Debug|x64
		{FB13BBB2-FF54-475A-90C5-DCFD331D4AE6}.Debug|x64.Build.0 = Debug|x64
		{FB13BBB2-FF54-475A-90C5-DCFD331D4AE6}.Release|Win32.ActiveCfg = Release|Win32
		{FB13BBB2-FF54-475A-90C5-DCFD331D4AE6}.Release|Win32.Build.0 = Release|Win32
		{FB13BBB2-FF54-475A-90C5-DCFD331D4AE6}.Release|x64.ActiveCfg = Release|x64
		{FB13BBB2-FF54-475A-90C5-DCFD331D4AE6}.Release|x64.Build.0 = Release|x64
		{E7F3C54D-4894-46E1-AF8F-D0A43D711DA7}.Debug|Win32.ActiveCfg = Debug|Win32
		{E7F3C54D-4894-46E1-AF8F-D0A43D711DA7}.Debug|Win32.Build.0 = Debug|Win32
		{E7F3C54D-4894-46E1-AF8F-D0A43D711DA7}.Debug|x64.ActiveCfg = Debug|x64
		{E7F3C54D-4894-46E1-AF8F-D0A43D711DA7}.Debug|x64.Build.0 = Debug|x64
		{E7F3C54D-4894-46E1-AF8F-D0A43D711DA7}.Release|Win32.ActiveCfg = Release|Win32
		{E7F3C54D-4894-46E1-AF8F-D0A43D711DA7}.Release|Win32.Build.0 = Release|Win32
		{E7F3C54D-4894-46E1-AF8F-D0A43D711DA7}.Release|x64.ActiveCfg = Release|x64
		{E7F3C54D-4894-46E1-AF8F-D0A43D711DA7}.Release|x64.Build.0 = Release|x64
		{FDE3C0C5-61AD-4093-A1EA-1B2C63E1152C}.Debug|Win32.ActiveCfg = Debug|Win32
		{FDE3C0C5-61AD-4093-A1EA-1B2C63E1152C}.Debug|Win32.Build.0 = Debug|Win32
		{FDE3C0C5-61AD-4093-A1EA-1B2C63E1152C}.Debug|x64.ActiveCfg = Debug|x64
		{FDE3C0C5-61AD-4093-A1EA-1B2C63E1152C}.Debug|x64.Build.0 = Debug|x64
		{FDE3C0C5-61AD-4093-A1EA-1B2C63E1152C}.Release|Win32.ActiveCfg = Release|Win32
		{FDE3C0C5-61AD-4093-A1EA-1B2C63E1152C}.Release|Win32.Build.0 = Release|Win32
		{FDE3C0C5-61AD-4093-A1EA-1B2C63E1152C}.Release|x64.ActiveCfg = Release|x64
		{FDE3C0C5-61AD-4093-A1EA-1B2C63E1152C}.Release|x64.Build.0 = Release|x64
		{65929BF2-C995-46C0-9C59-27F63ED626A3}.Debug|Win32.ActiveCfg = Debug|Win32
		{65929BF2-C995-46C0-9C59-27F63ED626A3}.Debug|Win32.Build.0 = Debug|Win32
		{65929BF2-C995-46C0-9C59-27F63ED626A3}.Debug|x64.ActiveCfg = Debug|x64
		{65929BF2-C995-46C0-9C59-27F63ED626A3}.Debug|x64.Build.0 = Debug|x64
		{65929BF2-C995-46C0-9C59-27F63ED626A3}.Release|Win32.ActiveCfg = Release|Win32
		{65929BF2-C995-46C0-9C59-27F63ED626A3}.Release|Win32.Build.0 = Release|Win32
		{65929BF2-C995-46C0-9C59-27F63ED626A3}.Release|x64.ActiveCfg = Release|x64
		{65929BF2-C995-46C0-9C59-27F63ED626A3}.Release|x64.Build.0 = Release|x64
		{A6EC7966-2BE4-4F78-93A0-E78914CA4C14}.Debug|Win32.ActiveCfg = Debug|Win32
		{A6EC7966-2BE4-4F78-93A0-E78914CA4C14}.Debug|Win32.Build.0 = Debug|Win32
		{A6EC7966-2BE4-4F78-93A0-E78914CA4C14}.Debug|x64.ActiveCfg = Debug|x64
		{A6EC7966-2BE4-4F78-93A0-E78914CA4C14}.Debug|x64.Build.0 = Debug|x64
		{A6EC7966-2BE4-4F78-93A0-E78914CA4C14}.Release|Win32.ActiveCfg = Release|Win32
		{A6EC7966-2BE4-4F78-93A0-E78914CA4C14}.Release|Win32.Build.0 = Release|Win32
		{A6EC7966-2BE4-4F78-93A0-E78914CA4C14}.Release|x64.ActiveCfg = Release|x64
		{A6EC7966-2BE4-4F78-93A0-E78914CA4C14}.Release|x64.Build.0 = Release|x64
		{900E7EF4-3D9F-4743-92EB-50F5E31BDDC6}.Debug|Win32.ActiveCfg = Debug|Win32
		{900E7EF4-3D9F-4743-92EB-50F5E31BDDC6}.Debug|Win32.Build.0 = Debug|Win32
		{900E7EF4-3D9F-4743-92EB-50F5E31BDDC6}.Debug|x64.ActiveCfg = Debug|x64
		{900E7EF4-3D9F-4743-92EB-50F5E31BDDC6}.Debug|x64.Build.0 = Debug|x64
		{900E7EF4-3D9F-4743-92EB-50F5E31BDDC6}.Release|Win32.ActiveCfg = Release|Win32
		{900E7EF4-3D9F-4743-92EB-50F5E31BDDC6}.Release|Win32.Build.0 = Release|Win32
		{900E7EF4-3D9F-4743-92EB-50F5E31BDDC6}.Release|x64.ActiveCfg = Release|x64
		{900E7EF4-3D9F-4743-92EB-50F5E31BDDC6}.Release|x64.Build.0 = Release|x64
		{759AD2AE-748C-46CD-86B8-9D895F335D8E}.Debug|Win32.ActiveCfg = Debug|Win32
		{759AD2AE-748C-46CD-86B8-9D895F335D8E}.Debug|Win32.Build.0 = Debug|Win32
		{759AD2AE-748C-46CD-86B8-9D895F335D8E}.Debug|x64.ActiveCfg = Debug|x64
		{759AD2AE-748C-46CD-86B8-9D895F335D8E}.Debug|x64.Build.0 = Debug|x64
		{759AD2AE-748C-46CD-86B8-9D895F335D8E}.Release|Win32.ActiveCfg = Release|Win32
		{759AD2AE-748C-46CD-86B8-9D895F335D8E}.Release|Win32.Build.0 = Release|Win32
		{759AD2AE-748C-46CD-86B8-9D895F335D8E}.Release|x64.ActiveCfg = Release|x64
		{759AD2AE-748C-46CD-86B8-9D895F335D8E}.Release|x64.Build.0 = Release|x64
		{AE0714C6-A912-459F-A4C9-3D6479397C03}.Debug|Win32.ActiveCfg = Debug|Win32
		{AE0714C6-A912-459F-A4C9-3D6479397C03}.Debug|Win32.Build.0 = Debug|Win32
		{AE0714C6-A912-459F-A4C9-3D6479397C03}.Debug|x64.ActiveCfg = Debug|x64
		{AE0714C6-A912-459F-A4C9-3D6479397C03}.Debug|x64.Build.0 = Debug|x64
		{AE0714C6-A912-459F-A4C9-3D6479397C03}.Release|Win32.ActiveCfg = Release|Win32
		{AE0714C6-A912-459F-A4C9-3D6479397C03}.Release|Win32.Build.0 = Release|Win32
		{AE0714C6-A912-459F-A4C9-3D6479397C03}.Release|x64.ActiveCfg = Release|x64
		{AE0714C6-A912-459F-A4C9-3D6479397C03}.Release|x64.Build.0 = Release|x64
		{573FC729-754B-4316-9292-CD353CE35EDE}.Debug|Win32.ActiveCfg = Debug|Win32
		{573FC729-754B-4316-9292-CD353CE35EDE}.Debug|Win32.Build.0 = Debug|Win32
		{573FC729-754B-4316-9292-CD353CE35EDE}.Debug|x64.ActiveCfg = Debug|x64
		{573FC729-754B-4316-9292-CD353CE35EDE}.Debug|x64.Build.0 = Debug|x64
		{573FC729-754B-4316-9292-CD353CE35EDE}.Release|Win32.ActiveCfg = Release|Win32
		{573FC729-754B-4316-9292-CD353CE35EDE}.Release|Win32.Build.0 = Release|Win32
		{573FC729-754B-4316-9292-CD353CE35EDE}.Release|x64.ActiveCfg = Release|x64
		{573FC729-754B-4316-9292-CD353CE35EDE}.Release|x64.Build.0 = Release|x64
		{BFA5D22C-70CE-4539-8752-EFE4E77B15B1}.Debug|Win32.ActiveCfg = Debug|Win32
		{BFA5D22C-70CE-4539-8752-EFE4E77B15B1}.Debug|Win32.Build.0 = Debug|Win32
		{BFA5D22C-70CE-4539-8752-EFE4E77B15B1}.Debug|x64.ActiveCfg = Debug|x64
		{BFA5D22C-70CE-4539-8752-EFE4E77B15B1}.Debug|x64.Build.0 = Debug|x64
		{BFA5D22C-70CE-4539-8752-EFE4E77B15B1}.Release|Win32.ActiveCfg = Release|Win32
		{BFA5D22C-70CE-4539-8752-EFE4E77B15B1}.Release|Win32.Build.0 = Release|Win32
		{BFA5D22C-70CE-4539-8752-EFE4E77B15B1}.Release|x64.ActiveCfg = Release|x64
		{BFA5D22C-70CE-4539-8752-EFE4E77B15B1}.Release|x64.Build.0 = Release|x64
	EndGlobalSection
	GlobalSection(SolutionProperties) = preSolution
		HideSolutionNode = FALSE
	EndGlobalSection
EndGlobal
